
Microsoft Visual Studio Solution File, Format Version 12.00
# Visual Studio Version 17
VisualStudioVersion = 17.14.36908.2 d17.14
MinimumVisualStudioVersion = 10.0.40219.1
Project("{FAE04EC0-301F-11D3-BF4B-00C04F79EFBC}") = "Tier List", "Tier List\Tier List.csproj", "{8660996F-E30C-4523-8CCC-2B73A62D0543}"
EndProject
Global
	GlobalSection(SolutionConfigurationPlatforms) = preSolution
		Debug|Any CPU = Debug|Any CPU
		Release|Any CPU = Release|Any CPU
	EndGlobalSection
	GlobalSection(ProjectConfigurationPlatforms) = postSolution
		{8660996F-E30C-4523-8CCC-2B73A62D0543}.Debug|Any CPU.ActiveCfg = Debug|Any CPU
		{8660996F-E30C-4523-8CCC-2B73A62D0543}.Debug|Any CPU.Build.0 = Debug|Any CPU
		{8660996F-E30C-4523-8CCC-2B73A62D0543}.Release|Any CPU.ActiveCfg = Release|Any CPU
		{8660996F-E30C-4523-8CCC-2B73A62D0543}.Release|Any CPU.Build.0 = Release|Any CPU
	EndGlobalSection
	GlobalSection(SolutionProperties) = preSolution
		HideSolutionNode = FALSE
	EndGlobalSection
	GlobalSection(ExtensibilityGlobals) = postSolution
		SolutionGuid = {2FE2FF31-CA6C-438B-831D-C5AA113DE652}
	EndGlobalSection
EndGlobal
